
Microsoft Visual Studio Solution File, Format Version 11.00
# Visual Studio 2010
Project("{CC5FD16D-436D-48AD-A40C-5A424C6E3E79}") = "AzureDriveExample", "AzureDriveExample\AzureDriveExample.ccproj", "{9B8ABCD2-1736-416A-A06D-B86B7B360770}"
EndProject
Project("{FAE04EC0-301F-11D3-BF4B-00C04F79EFBC}") = "WorkerRole1", "WorkerRole1\WorkerRole1.csproj", "{E87B51BE-31EA-4357-8404-0C8E14702A7A}"
EndProject
Global
	GlobalSection(SolutionConfigurationPlatforms) = preSolution
		Debug|Any CPU = Debug|Any CPU
		Release|Any CPU = Release|Any CPU
	EndGlobalSection
	GlobalSection(ProjectConfigurationPlatforms) = postSolution
		{9B8ABCD2-1736-416A-A06D-B86B7B360770}.Debug|Any CPU.ActiveCfg = Debug|Any CPU
		{9B8ABCD2-1736-416A-A06D-B86B7B360770}.Debug|Any CPU.Build.0 = Debug|Any CPU
		{9B8ABCD2-1736-416A-A06D-B86B7B360770}.Release|Any CPU.ActiveCfg = Release|Any CPU
		{9B8ABCD2-1736-416A-A06D-B86B7B360770}.Release|Any CPU.Build.0 = Release|Any CPU
		{E87B51BE-31EA-4357-8404-0C8E14702A7A}.Debug|Any CPU.ActiveCfg = Debug|Any CPU
		{E87B51BE-31EA-4357-8404-0C8E14702A7A}.Debug|Any CPU.Build.0 = Debug|Any CPU
		{E87B51BE-31EA-4357-8404-0C8E14702A7A}.Release|Any CPU.ActiveCfg = Release|Any CPU
		{E87B51BE-31EA-4357-8404-0C8E14702A7A}.Release|Any CPU.Build.0 = Release|Any CPU
	EndGlobalSection
	GlobalSection(SolutionProperties) = preSolution
		HideSolutionNode = FALSE
	EndGlobalSection
EndGlobal
