
Microsoft Visual Studio Solution File, Format Version 11.00
# Visual Studio 2010
Project("{CC5FD16D-436D-48AD-A40C-5A424C6E3E79}") = "AutoscalingExample", "AutoscalingExample\AutoscalingExample.ccproj", "{BB3B2584-7A51-4505-A6F8-F7161D08ED8B}"
EndProject
Project("{FAE04EC0-301F-11D3-BF4B-00C04F79EFBC}") = "WebRole1", "WebRole1\WebRole1.csproj", "{B41EBFEB-BA3A-4842-A2C5-605999ABE0FB}"
EndProject
Global
	GlobalSection(SolutionConfigurationPlatforms) = preSolution
		Debug|Any CPU = Debug|Any CPU
		Release|Any CPU = Release|Any CPU
	EndGlobalSection
	GlobalSection(ProjectConfigurationPlatforms) = postSolution
		{BB3B2584-7A51-4505-A6F8-F7161D08ED8B}.Debug|Any CPU.ActiveCfg = Debug|Any CPU
		{BB3B2584-7A51-4505-A6F8-F7161D08ED8B}.Debug|Any CPU.Build.0 = Debug|Any CPU
		{BB3B2584-7A51-4505-A6F8-F7161D08ED8B}.Release|Any CPU.ActiveCfg = Release|Any CPU
		{BB3B2584-7A51-4505-A6F8-F7161D08ED8B}.Release|Any CPU.Build.0 = Release|Any CPU
		{B41EBFEB-BA3A-4842-A2C5-605999ABE0FB}.Debug|Any CPU.ActiveCfg = Debug|Any CPU
		{B41EBFEB-BA3A-4842-A2C5-605999ABE0FB}.Debug|Any CPU.Build.0 = Debug|Any CPU
		{B41EBFEB-BA3A-4842-A2C5-605999ABE0FB}.Release|Any CPU.ActiveCfg = Release|Any CPU
		{B41EBFEB-BA3A-4842-A2C5-605999ABE0FB}.Release|Any CPU.Build.0 = Release|Any CPU
	EndGlobalSection
	GlobalSection(SolutionProperties) = preSolution
		HideSolutionNode = FALSE
	EndGlobalSection
EndGlobal
