
Microsoft Visual Studio Solution File, Format Version 11.00
# Visual Studio 2010
Project("{CC5FD16D-436D-48AD-A40C-5A424C6E3E79}") = "RetrieveDataExample", "RetrieveDataExample\RetrieveDataExample.ccproj", "{62745DF0-88AE-42CA-A848-E19E9ACAEB9C}"
EndProject
Project("{FAE04EC0-301F-11D3-BF4B-00C04F79EFBC}") = "WebRole1", "WebRole1\WebRole1.csproj", "{7376B34F-2DCD-410E-A1A4-9539DD2386AC}"
EndProject
Global
	GlobalSection(SolutionConfigurationPlatforms) = preSolution
		Debug|Any CPU = Debug|Any CPU
		Release|Any CPU = Release|Any CPU
	EndGlobalSection
	GlobalSection(ProjectConfigurationPlatforms) = postSolution
		{62745DF0-88AE-42CA-A848-E19E9ACAEB9C}.Debug|Any CPU.ActiveCfg = Debug|Any CPU
		{62745DF0-88AE-42CA-A848-E19E9ACAEB9C}.Debug|Any CPU.Build.0 = Debug|Any CPU
		{62745DF0-88AE-42CA-A848-E19E9ACAEB9C}.Release|Any CPU.ActiveCfg = Release|Any CPU
		{62745DF0-88AE-42CA-A848-E19E9ACAEB9C}.Release|Any CPU.Build.0 = Release|Any CPU
		{7376B34F-2DCD-410E-A1A4-9539DD2386AC}.Debug|Any CPU.ActiveCfg = Debug|Any CPU
		{7376B34F-2DCD-410E-A1A4-9539DD2386AC}.Debug|Any CPU.Build.0 = Debug|Any CPU
		{7376B34F-2DCD-410E-A1A4-9539DD2386AC}.Release|Any CPU.ActiveCfg = Release|Any CPU
		{7376B34F-2DCD-410E-A1A4-9539DD2386AC}.Release|Any CPU.Build.0 = Release|Any CPU
	EndGlobalSection
	GlobalSection(SolutionProperties) = preSolution
		HideSolutionNode = FALSE
	EndGlobalSection
EndGlobal
