
Microsoft Visual Studio Solution File, Format Version 11.00
# Visual Studio 2010
Project("{CC5FD16D-436D-48AD-A40C-5A424C6E3E79}") = "LocalStorageExample", "LocalStorageExample\LocalStorageExample.ccproj", "{978AE328-1BDD-410E-8D24-12248D7C701B}"
EndProject
Project("{FAE04EC0-301F-11D3-BF4B-00C04F79EFBC}") = "WorkerRole1", "WorkerRole1\WorkerRole1.csproj", "{EFED7F73-C27E-4F79-BED7-D3929FACE02F}"
EndProject
Global
	GlobalSection(SolutionConfigurationPlatforms) = preSolution
		Debug|Any CPU = Debug|Any CPU
		Release|Any CPU = Release|Any CPU
	EndGlobalSection
	GlobalSection(ProjectConfigurationPlatforms) = postSolution
		{978AE328-1BDD-410E-8D24-12248D7C701B}.Debug|Any CPU.ActiveCfg = Debug|Any CPU
		{978AE328-1BDD-410E-8D24-12248D7C701B}.Debug|Any CPU.Build.0 = Debug|Any CPU
		{978AE328-1BDD-410E-8D24-12248D7C701B}.Release|Any CPU.ActiveCfg = Release|Any CPU
		{978AE328-1BDD-410E-8D24-12248D7C701B}.Release|Any CPU.Build.0 = Release|Any CPU
		{EFED7F73-C27E-4F79-BED7-D3929FACE02F}.Debug|Any CPU.ActiveCfg = Debug|Any CPU
		{EFED7F73-C27E-4F79-BED7-D3929FACE02F}.Debug|Any CPU.Build.0 = Debug|Any CPU
		{EFED7F73-C27E-4F79-BED7-D3929FACE02F}.Release|Any CPU.ActiveCfg = Release|Any CPU
		{EFED7F73-C27E-4F79-BED7-D3929FACE02F}.Release|Any CPU.Build.0 = Release|Any CPU
	EndGlobalSection
	GlobalSection(SolutionProperties) = preSolution
		HideSolutionNode = FALSE
	EndGlobalSection
EndGlobal
