
Microsoft Visual Studio Solution File, Format Version 11.00
# Visual Studio 2010
Project("{FAE04EC0-301F-11D3-BF4B-00C04F79EFBC}") = "SqlAzureExample", "SqlAzureExample\SqlAzureExample.csproj", "{D71B7A3F-0A3D-4262-8E8A-5932AB830614}"
EndProject
Global
	GlobalSection(SolutionConfigurationPlatforms) = preSolution
		Debug|x86 = Debug|x86
		Release|x86 = Release|x86
	EndGlobalSection
	GlobalSection(ProjectConfigurationPlatforms) = postSolution
		{D71B7A3F-0A3D-4262-8E8A-5932AB830614}.Debug|x86.ActiveCfg = Debug|x86
		{D71B7A3F-0A3D-4262-8E8A-5932AB830614}.Debug|x86.Build.0 = Debug|x86
		{D71B7A3F-0A3D-4262-8E8A-5932AB830614}.Release|x86.ActiveCfg = Release|x86
		{D71B7A3F-0A3D-4262-8E8A-5932AB830614}.Release|x86.Build.0 = Release|x86
	EndGlobalSection
	GlobalSection(SolutionProperties) = preSolution
		HideSolutionNode = FALSE
	EndGlobalSection
EndGlobal
